
Microsoft Visual Studio Solution File, Format Version 12.00
# Visual Studio 15
VisualStudioVersion = 15.0.28307.168
MinimumVisualStudioVersion = 10.0.40219.1
Project("{FAE04EC0-301F-11D3-BF4B-00C04F79EFBC}") = "CalculatorProj", "CalculatorProj\CalculatorProj.csproj", "{754B3E6E-1388-41BA-A092-73EF6E03F405}"
EndProject
Project("{FAE04EC0-301F-11D3-BF4B-00C04F79EFBC}") = "CalculatorProjTests", "CalculatorProjTests\CalculatorProjTests.csproj", "{ADA0F831-4961-4995-98C6-24A4104072BA}"
EndProject
Global
	GlobalSection(SolutionConfigurationPlatforms) = preSolution
		Debug|Any CPU = Debug|Any CPU
		Release|Any CPU = Release|Any CPU
	EndGlobalSection
	GlobalSection(ProjectConfigurationPlatforms) = postSolution
		{754B3E6E-1388-41BA-A092-73EF6E03F405}.Debug|Any CPU.ActiveCfg = Debug|Any CPU
		{754B3E6E-1388-41BA-A092-73EF6E03F405}.Debug|Any CPU.Build.0 = Debug|Any CPU
		{754B3E6E-1388-41BA-A092-73EF6E03F405}.Release|Any CPU.ActiveCfg = Release|Any CPU
		{754B3E6E-1388-41BA-A092-73EF6E03F405}.Release|Any CPU.Build.0 = Release|Any CPU
		{ADA0F831-4961-4995-98C6-24A4104072BA}.Debug|Any CPU.ActiveCfg = Debug|Any CPU
		{ADA0F831-4961-4995-98C6-24A4104072BA}.Debug|Any CPU.Build.0 = Debug|Any CPU
		{ADA0F831-4961-4995-98C6-24A4104072BA}.Release|Any CPU.ActiveCfg = Release|Any CPU
		{ADA0F831-4961-4995-98C6-24A4104072BA}.Release|Any CPU.Build.0 = Release|Any CPU
	EndGlobalSection
	GlobalSection(SolutionProperties) = preSolution
		HideSolutionNode = FALSE
	EndGlobalSection
	GlobalSection(ExtensibilityGlobals) = postSolution
		SolutionGuid = {264C4449-45B6-42FF-844A-A75074B06EEB}
	EndGlobalSection
EndGlobal
