
Microsoft Visual Studio Solution File, Format Version 12.00
# Visual Studio 15
VisualStudioVersion = 15.0.28307.168
MinimumVisualStudioVersion = 10.0.40219.1
Project("{FAE04EC0-301F-11D3-BF4B-00C04F79EFBC}") = "RacingBet", "RacingBet\RacingBet.csproj", "{27D11EA6-08B0-4827-9753-7BDC5C79AD23}"
EndProject
Global
	GlobalSection(SolutionConfigurationPlatforms) = preSolution
		Debug|Any CPU = Debug|Any CPU
		Release|Any CPU = Release|Any CPU
	EndGlobalSection
	GlobalSection(ProjectConfigurationPlatforms) = postSolution
		{27D11EA6-08B0-4827-9753-7BDC5C79AD23}.Debug|Any CPU.ActiveCfg = Debug|Any CPU
		{27D11EA6-08B0-4827-9753-7BDC5C79AD23}.Debug|Any CPU.Build.0 = Debug|Any CPU
		{27D11EA6-08B0-4827-9753-7BDC5C79AD23}.Release|Any CPU.ActiveCfg = Release|Any CPU
		{27D11EA6-08B0-4827-9753-7BDC5C79AD23}.Release|Any CPU.Build.0 = Release|Any CPU
	EndGlobalSection
	GlobalSection(SolutionProperties) = preSolution
		HideSolutionNode = FALSE
	EndGlobalSection
	GlobalSection(ExtensibilityGlobals) = postSolution
		SolutionGuid = {96BC820F-9BC2-47C4-B06F-0FA3D7B330D5}
	EndGlobalSection
EndGlobal
