
Microsoft Visual Studio Solution File, Format Version 12.00
# Visual Studio 15
VisualStudioVersion = 15.0.28307.168
MinimumVisualStudioVersion = 10.0.40219.1
Project("{FAE04EC0-301F-11D3-BF4B-00C04F79EFBC}") = "RacingBetSystem", "RacingBetSystem\RacingBetSystem.csproj", "{077758D8-536E-4A06-855E-DED5A0F839B9}"
EndProject
Project("{FAE04EC0-301F-11D3-BF4B-00C04F79EFBC}") = "RacingBetSystemTests", "RacingBetSystemTests\RacingBetSystemTests.csproj", "{3DBA3907-1D4E-429F-9540-4C8CD6FE62BC}"
EndProject
Global
	GlobalSection(SolutionConfigurationPlatforms) = preSolution
		Debug|Any CPU = Debug|Any CPU
		Release|Any CPU = Release|Any CPU
	EndGlobalSection
	GlobalSection(ProjectConfigurationPlatforms) = postSolution
		{077758D8-536E-4A06-855E-DED5A0F839B9}.Debug|Any CPU.ActiveCfg = Debug|Any CPU
		{077758D8-536E-4A06-855E-DED5A0F839B9}.Debug|Any CPU.Build.0 = Debug|Any CPU
		{077758D8-536E-4A06-855E-DED5A0F839B9}.Release|Any CPU.ActiveCfg = Release|Any CPU
		{077758D8-536E-4A06-855E-DED5A0F839B9}.Release|Any CPU.Build.0 = Release|Any CPU
		{3DBA3907-1D4E-429F-9540-4C8CD6FE62BC}.Debug|Any CPU.ActiveCfg = Debug|Any CPU
		{3DBA3907-1D4E-429F-9540-4C8CD6FE62BC}.Debug|Any CPU.Build.0 = Debug|Any CPU
		{3DBA3907-1D4E-429F-9540-4C8CD6FE62BC}.Release|Any CPU.ActiveCfg = Release|Any CPU
		{3DBA3907-1D4E-429F-9540-4C8CD6FE62BC}.Release|Any CPU.Build.0 = Release|Any CPU
	EndGlobalSection
	GlobalSection(SolutionProperties) = preSolution
		HideSolutionNode = FALSE
	EndGlobalSection
	GlobalSection(ExtensibilityGlobals) = postSolution
		SolutionGuid = {5C965F5C-5B98-431B-9280-03F582C935B5}
	EndGlobalSection
EndGlobal
